#######################################################################################################################
## Alarm Clock Volume Steps
#######################################################################################################################
  alarm_clock_volume_steps:
    initial: 1
    step: 1
    restore: false