###################################################################################################
## Auto Alarm Clock
###################################################################################################
  alarm_clock_auto:
    name: Auto Alarm Clock
    icon: mdi:alarm

###################################################################################################
## Auto Alarm Clock Weekends
###################################################################################################
  alarm_clock_auto_weekends:
    name: Weekends / Holidays
    icon: mdi:sleep

###################################################################################################
## Manual Alarm Clock
###################################################################################################
  alarm_clock_manual:
    name: Manual Alarm Clock
    icon: mdi:alarm-plus

###################################################################################################
## Nap Alarm Clock
###################################################################################################
  alarm_clock_nap:
    name: Nap Alarm Clock
    icon: mdi:alarm-snooze

###################################################################################################
## Alarm Clock Active
###################################################################################################
  alarm_clock_active:
    name: Alarm Active
    icon: mdi:alarm-multiple

###################################################################################################
## Auto Alarm Clock Active
###################################################################################################
  alarm_clock_active_auto:
    name: Auto Alarm On
    icon: mdi:power

###################################################################################################
## Manual Alarm Clock Active
###################################################################################################
  alarm_clock_active_manual:
    name: Manual Alarm On
    icon: mdi:power

###################################################################################################
## Nap Alarm Clock Active
###################################################################################################
  alarm_clock_active_nap:
    name: Nap Alarm On
    icon: mdi:power

###################################################################################################
## Alarm Clock Snooze
###################################################################################################
  alarm_clock_snooze:
    name: Alarm Clock Snooze
    icon: mdi:sleep

