###################################################################################################
## Alarm Snooze Timer
## - no duration set - determined by input_number value at runtime
###################################################################################################
  alarm_clock_snooze:
    name: Alarm Clock Snooze
    icon: mdi:sleep

###################################################################################################
## Nap Alarm Timer
## - no duration set - determined by input_number value at runtime
###################################################################################################
  alarm_clock_nap:
    name: Alarm Clock Nap
    icon: mdi:alarm-plus

###################################################################################################
## Alarm Restart Timer
###################################################################################################
  alarm_clock_restart:
    name: Alarm Clock Restart
    icon: mdi:progress-clock

###################################################################################################
## Alarm Clock Volume Steps
###################################################################################################
  alarm_clock_volume_steps:
    name: Alarm Clock Volume Steps
    icon: mdi:volume-low
    duration: '00:05:00'