##################################################################################################
## Manual Alarm Clock Time
##################################################################################################
  alarm_clock_manual_time:
    name: Manual Alarm Wake Time
    icon: mdi:clock
    has_date: false
    has_time: true